
Microsoft Visual Studio Solution File, Format Version 12.00
# Visual Studio Version 16
VisualStudioVersion = 16.0.30907.101
MinimumVisualStudioVersion = 10.0.40219.1
Project("{8BC9CEB8-8B4A-11D0-8D11-00A0C91BC942}") = "BlueFireColorbot", "BlueFireColorbot\BlueFireColorbot.vcxproj", "{4699F802-8DED-4CA1-AD0B-7F8192006A47}"
EndProject
Global
	GlobalSection(SolutionConfigurationPlatforms) = preSolution
		Debug|x64 = Debug|x64
		Debug|x86 = Debug|x86
		Release|x64 = Release|x64
		Release|x86 = Release|x86
	EndGlobalSection
	GlobalSection(ProjectConfigurationPlatforms) = postSolution
		{4699F802-8DED-4CA1-AD0B-7F8192006A47}.Debug|x64.ActiveCfg = Debug|x64
		{4699F802-8DED-4CA1-AD0B-7F8192006A47}.Debug|x64.Build.0 = Debug|x64
		{4699F802-8DED-4CA1-AD0B-7F8192006A47}.Debug|x86.ActiveCfg = Debug|Win32
		{4699F802-8DED-4CA1-AD0B-7F8192006A47}.Debug|x86.Build.0 = Debug|Win32
		{4699F802-8DED-4CA1-AD0B-7F8192006A47}.Release|x64.ActiveCfg = Release|x64
		{4699F802-8DED-4CA1-AD0B-7F8192006A47}.Release|x64.Build.0 = Release|x64
		{4699F802-8DED-4CA1-AD0B-7F8192006A47}.Release|x86.ActiveCfg = Release|Win32
		{4699F802-8DED-4CA1-AD0B-7F8192006A47}.Release|x86.Build.0 = Release|Win32
	EndGlobalSection
	GlobalSection(SolutionProperties) = preSolution
		HideSolutionNode = FALSE
	EndGlobalSection
	GlobalSection(ExtensibilityGlobals) = postSolution
		SolutionGuid = {CBAF15DE-6F11-4999-9140-B84C45318499}
	EndGlobalSection
EndGlobal
